{
  "name": "omc",
  "version": "0.0.1",
  "lockfileVersion": 2,
  "requires": true,
  "packages": {
    "": {
      "version": "0.0.1",
      "license": "Apache-2.0",
      "dependencies": {
        "commander": "^8.0.0"
      }
    },
    "node_modules/commander": {
      "version": "8.0.0",
      "resolved": "https://registry.nlark.com/commander/download/commander-8.0.0.tgz?cache=0&sync_timestamp=1624609522502&other_urls=https%3A%2F%2Fregistry.nlark.com%2Fcommander%2Fdownload%2Fcommander-8.0.0.tgz",
      "integrity": "sha1-HaITlUjK71m9I+ZtGJCN+1SwIlg=",
      "engines": {
        "node": ">= 12"
      }
    }
  },
  "dependencies": {
    "commander": {
      "version": "8.0.0",
      "resolved": "https://registry.nlark.com/commander/download/commander-8.0.0.tgz?cache=0&sync_timestamp=1624609522502&other_urls=https%3A%2F%2Fregistry.nlark.com%2Fcommander%2Fdownload%2Fcommander-8.0.0.tgz",
      "integrity": "sha1-HaITlUjK71m9I+ZtGJCN+1SwIlg="
    }
  }
}
